
Microsoft Visual Studio Solution File, Format Version 12.00
# Visual Studio 15
VisualStudioVersion = 15.0.27604.0
MinimumVisualStudioVersion = 10.0.40219.1
Project("{9A19103F-16F7-4668-BE54-9A1E7A4F7556}") = "Translator", "Translator\Translator\Translator.csproj", "{A6AAD762-3DD7-4240-AC4C-F192985C0351}"
EndProject
Project("{FAE04EC0-301F-11D3-BF4B-00C04F79EFBC}") = "Translator.Android", "Translator\Translator.Android\Translator.Android.csproj", "{8F3A2D41-341F-4832-94B0-6C023B40C6D6}"
EndProject
Project("{FAE04EC0-301F-11D3-BF4B-00C04F79EFBC}") = "Translator.iOS", "Translator\Translator.iOS\Translator.iOS.csproj", "{97B0B84F-A87B-4EB8-AC3C-889D5DD6C4C2}"
EndProject
Project("{FAE04EC0-301F-11D3-BF4B-00C04F79EFBC}") = "Translator.UWP", "Translator\Translator.UWP\Translator.UWP.csproj", "{D419D4FE-419B-4324-9938-B880B0034AFC}"
EndProject
Global
	GlobalSection(SolutionConfigurationPlatforms) = preSolution
		Ad-Hoc|Any CPU = Ad-Hoc|Any CPU
		Ad-Hoc|ARM = Ad-Hoc|ARM
		Ad-Hoc|iPhone = Ad-Hoc|iPhone
		Ad-Hoc|iPhoneSimulator = Ad-Hoc|iPhoneSimulator
		Ad-Hoc|x64 = Ad-Hoc|x64
		Ad-Hoc|x86 = Ad-Hoc|x86
		AppStore|Any CPU = AppStore|Any CPU
		AppStore|ARM = AppStore|ARM
		AppStore|iPhone = AppStore|iPhone
		AppStore|iPhoneSimulator = AppStore|iPhoneSimulator
		AppStore|x64 = AppStore|x64
		AppStore|x86 = AppStore|x86
		Debug|Any CPU = Debug|Any CPU
		Debug|ARM = Debug|ARM
		Debug|iPhone = Debug|iPhone
		Debug|iPhoneSimulator = Debug|iPhoneSimulator
		Debug|x64 = Debug|x64
		Debug|x86 = Debug|x86
		Release|Any CPU = Release|Any CPU
		Release|ARM = Release|ARM
		Release|iPhone = Release|iPhone
		Release|iPhoneSimulator = Release|iPhoneSimulator
		Release|x64 = Release|x64
		Release|x86 = Release|x86
	EndGlobalSection
	GlobalSection(ProjectConfigurationPlatforms) = postSolution
		{A6AAD762-3DD7-4240-AC4C-F192985C0351}.Ad-Hoc|Any CPU.ActiveCfg = Debug|Any CPU
		{A6AAD762-3DD7-4240-AC4C-F192985C0351}.Ad-Hoc|Any CPU.Build.0 = Debug|Any CPU
		{A6AAD762-3DD7-4240-AC4C-F192985C0351}.Ad-Hoc|Any CPU.Deploy.0 = Debug|Any CPU
		{A6AAD762-3DD7-4240-AC4C-F192985C0351}.Ad-Hoc|ARM.ActiveCfg = Debug|Any CPU
		{A6AAD762-3DD7-4240-AC4C-F192985C0351}.Ad-Hoc|ARM.Build.0 = Debug|Any CPU
		{A6AAD762-3DD7-4240-AC4C-F192985C0351}.Ad-Hoc|ARM.Deploy.0 = Debug|Any CPU
		{A6AAD762-3DD7-4240-AC4C-F192985C0351}.Ad-Hoc|iPhone.ActiveCfg = Debug|Any CPU
		{A6AAD762-3DD7-4240-AC4C-F192985C0351}.Ad-Hoc|iPhone.Build.0 = Debug|Any CPU
		{A6AAD762-3DD7-4240-AC4C-F192985C0351}.Ad-Hoc|iPhone.Deploy.0 = Debug|Any CPU
		{A6AAD762-3DD7-4240-AC4C-F192985C0351}.Ad-Hoc|iPhoneSimulator.ActiveCfg = Debug|Any CPU
		{A6AAD762-3DD7-4240-AC4C-F192985C0351}.Ad-Hoc|iPhoneSimulator.Build.0 = Debug|Any CPU
		{A6AAD762-3DD7-4240-AC4C-F192985C0351}.Ad-Hoc|iPhoneSimulator.Deploy.0 = Debug|Any CPU
		{A6AAD762-3DD7-4240-AC4C-F192985C0351}.Ad-Hoc|x64.ActiveCfg = Debug|Any CPU
		{A6AAD762-3DD7-4240-AC4C-F192985C0351}.Ad-Hoc|x64.Build.0 = Debug|Any CPU
		{A6AAD762-3DD7-4240-AC4C-F192985C0351}.Ad-Hoc|x64.Deploy.0 = Debug|Any CPU
		{A6AAD762-3DD7-4240-AC4C-F192985C0351}.Ad-Hoc|x86.ActiveCfg = Debug|Any CPU
		{A6AAD762-3DD7-4240-AC4C-F192985C0351}.Ad-Hoc|x86.Build.0 = Debug|Any CPU
		{A6AAD762-3DD7-4240-AC4C-F192985C0351}.Ad-Hoc|x86.Deploy.0 = Debug|Any CPU
		{A6AAD762-3DD7-4240-AC4C-F192985C0351}.AppStore|Any CPU.ActiveCfg = Debug|Any CPU
		{A6AAD762-3DD7-4240-AC4C-F192985C0351}.AppStore|Any CPU.Build.0 = Debug|Any CPU
		{A6AAD762-3DD7-4240-AC4C-F192985C0351}.AppStore|Any CPU.Deploy.0 = Debug|Any CPU
		{A6AAD762-3DD7-4240-AC4C-F192985C0351}.AppStore|ARM.ActiveCfg = Debug|Any CPU
		{A6AAD762-3DD7-4240-AC4C-F192985C0351}.AppStore|ARM.Build.0 = Debug|Any CPU
		{A6AAD762-3DD7-4240-AC4C-F192985C0351}.AppStore|ARM.Deploy.0 = Debug|Any CPU
		{A6AAD762-3DD7-4240-AC4C-F192985C0351}.AppStore|iPhone.ActiveCfg = Debug|Any CPU
		{A6AAD762-3DD7-4240-AC4C-F192985C0351}.AppStore|iPhone.Build.0 = Debug|Any CPU
		{A6AAD762-3DD7-4240-AC4C-F192985C0351}.AppStore|iPhone.Deploy.0 = Debug|Any CPU
		{A6AAD762-3DD7-4240-AC4C-F192985C0351}.AppStore|iPhoneSimulator.ActiveCfg = Debug|Any CPU
		{A6AAD762-3DD7-4240-AC4C-F192985C0351}.AppStore|iPhoneSimulator.Build.0 = Debug|Any CPU
		{A6AAD762-3DD7-4240-AC4C-F192985C0351}.AppStore|iPhoneSimulator.Deploy.0 = Debug|Any CPU
		{A6AAD762-3DD7-4240-AC4C-F192985C0351}.AppStore|x64.ActiveCfg = Debug|Any CPU
		{A6AAD762-3DD7-4240-AC4C-F192985C0351}.AppStore|x64.Build.0 = Debug|Any CPU
		{A6AAD762-3DD7-4240-AC4C-F192985C0351}.AppStore|x64.Deploy.0 = Debug|Any CPU
		{A6AAD762-3DD7-4240-AC4C-F192985C0351}.AppStore|x86.ActiveCfg = Debug|Any CPU
		{A6AAD762-3DD7-4240-AC4C-F192985C0351}.AppStore|x86.Build.0 = Debug|Any CPU
		{A6AAD762-3DD7-4240-AC4C-F192985C0351}.AppStore|x86.Deploy.0 = Debug|Any CPU
		{A6AAD762-3DD7-4240-AC4C-F192985C0351}.Debug|Any CPU.ActiveCfg = Debug|Any CPU
		{A6AAD762-3DD7-4240-AC4C-F192985C0351}.Debug|Any CPU.Build.0 = Debug|Any CPU
		{A6AAD762-3DD7-4240-AC4C-F192985C0351}.Debug|Any CPU.Deploy.0 = Debug|Any CPU
		{A6AAD762-3DD7-4240-AC4C-F192985C0351}.Debug|ARM.ActiveCfg = Debug|Any CPU
		{A6AAD762-3DD7-4240-AC4C-F192985C0351}.Debug|ARM.Build.0 = Debug|Any CPU
		{A6AAD762-3DD7-4240-AC4C-F192985C0351}.Debug|ARM.Deploy.0 = Debug|Any CPU
		{A6AAD762-3DD7-4240-AC4C-F192985C0351}.Debug|iPhone.ActiveCfg = Debug|Any CPU
		{A6AAD762-3DD7-4240-AC4C-F192985C0351}.Debug|iPhone.Build.0 = Debug|Any CPU
		{A6AAD762-3DD7-4240-AC4C-F192985C0351}.Debug|iPhone.Deploy.0 = Debug|Any CPU
		{A6AAD762-3DD7-4240-AC4C-F192985C0351}.Debug|iPhoneSimulator.ActiveCfg = Debug|Any CPU
		{A6AAD762-3DD7-4240-AC4C-F192985C0351}.Debug|iPhoneSimulator.Build.0 = Debug|Any CPU
		{A6AAD762-3DD7-4240-AC4C-F192985C0351}.Debug|iPhoneSimulator.Deploy.0 = Debug|Any CPU
		{A6AAD762-3DD7-4240-AC4C-F192985C0351}.Debug|x64.ActiveCfg = Debug|Any CPU
		{A6AAD762-3DD7-4240-AC4C-F192985C0351}.Debug|x64.Build.0 = Debug|Any CPU
		{A6AAD762-3DD7-4240-AC4C-F192985C0351}.Debug|x64.Deploy.0 = Debug|Any CPU
		{A6AAD762-3DD7-4240-AC4C-F192985C0351}.Debug|x86.ActiveCfg = Debug|Any CPU
		{A6AAD762-3DD7-4240-AC4C-F192985C0351}.Debug|x86.Build.0 = Debug|Any CPU
		{A6AAD762-3DD7-4240-AC4C-F192985C0351}.Debug|x86.Deploy.0 = Debug|Any CPU
		{A6AAD762-3DD7-4240-AC4C-F192985C0351}.Release|Any CPU.ActiveCfg = Release|Any CPU
		{A6AAD762-3DD7-4240-AC4C-F192985C0351}.Release|Any CPU.Build.0 = Release|Any CPU
		{A6AAD762-3DD7-4240-AC4C-F192985C0351}.Release|Any CPU.Deploy.0 = Release|Any CPU
		{A6AAD762-3DD7-4240-AC4C-F192985C0351}.Release|ARM.ActiveCfg = Release|Any CPU
		{A6AAD762-3DD7-4240-AC4C-F192985C0351}.Release|ARM.Build.0 = Release|Any CPU
		{A6AAD762-3DD7-4240-AC4C-F192985C0351}.Release|ARM.Deploy.0 = Release|Any CPU
		{A6AAD762-3DD7-4240-AC4C-F192985C0351}.Release|iPhone.ActiveCfg = Release|Any CPU
		{A6AAD762-3DD7-4240-AC4C-F192985C0351}.Release|iPhone.Build.0 = Release|Any CPU
		{A6AAD762-3DD7-4240-AC4C-F192985C0351}.Release|iPhone.Deploy.0 = Release|Any CPU
		{A6AAD762-3DD7-4240-AC4C-F192985C0351}.Release|iPhoneSimulator.ActiveCfg = Release|Any CPU
		{A6AAD762-3DD7-4240-AC4C-F192985C0351}.Release|iPhoneSimulator.Build.0 = Release|Any CPU
		{A6AAD762-3DD7-4240-AC4C-F192985C0351}.Release|iPhoneSimulator.Deploy.0 = Release|Any CPU
		{A6AAD762-3DD7-4240-AC4C-F192985C0351}.Release|x64.ActiveCfg = Release|Any CPU
		{A6AAD762-3DD7-4240-AC4C-F192985C0351}.Release|x64.Build.0 = Release|Any CPU
		{A6AAD762-3DD7-4240-AC4C-F192985C0351}.Release|x64.Deploy.0 = Release|Any CPU
		{A6AAD762-3DD7-4240-AC4C-F192985C0351}.Release|x86.ActiveCfg = Release|Any CPU
		{A6AAD762-3DD7-4240-AC4C-F192985C0351}.Release|x86.Build.0 = Release|Any CPU
		{A6AAD762-3DD7-4240-AC4C-F192985C0351}.Release|x86.Deploy.0 = Release|Any CPU
		{8F3A2D41-341F-4832-94B0-6C023B40C6D6}.Ad-Hoc|Any CPU.ActiveCfg = Release|Any CPU
		{8F3A2D41-341F-4832-94B0-6C023B40C6D6}.Ad-Hoc|Any CPU.Build.0 = Release|Any CPU
		{8F3A2D41-341F-4832-94B0-6C023B40C6D6}.Ad-Hoc|Any CPU.Deploy.0 = Release|Any CPU
		{8F3A2D41-341F-4832-94B0-6C023B40C6D6}.Ad-Hoc|ARM.ActiveCfg = Release|Any CPU
		{8F3A2D41-341F-4832-94B0-6C023B40C6D6}.Ad-Hoc|ARM.Build.0 = Release|Any CPU
		{8F3A2D41-341F-4832-94B0-6C023B40C6D6}.Ad-Hoc|ARM.Deploy.0 = Release|Any CPU
		{8F3A2D41-341F-4832-94B0-6C023B40C6D6}.Ad-Hoc|iPhone.ActiveCfg = Release|Any CPU
		{8F3A2D41-341F-4832-94B0-6C023B40C6D6}.Ad-Hoc|iPhone.Build.0 = Release|Any CPU
		{8F3A2D41-341F-4832-94B0-6C023B40C6D6}.Ad-Hoc|iPhone.Deploy.0 = Release|Any CPU
		{8F3A2D41-341F-4832-94B0-6C023B40C6D6}.Ad-Hoc|iPhoneSimulator.ActiveCfg = Release|Any CPU
		{8F3A2D41-341F-4832-94B0-6C023B40C6D6}.Ad-Hoc|iPhoneSimulator.Build.0 = Release|Any CPU
		{8F3A2D41-341F-4832-94B0-6C023B40C6D6}.Ad-Hoc|iPhoneSimulator.Deploy.0 = Release|Any CPU
		{8F3A2D41-341F-4832-94B0-6C023B40C6D6}.Ad-Hoc|x64.ActiveCfg = Release|Any CPU
		{8F3A2D41-341F-4832-94B0-6C023B40C6D6}.Ad-Hoc|x64.Build.0 = Release|Any CPU
		{8F3A2D41-341F-4832-94B0-6C023B40C6D6}.Ad-Hoc|x64.Deploy.0 = Release|Any CPU
		{8F3A2D41-341F-4832-94B0-6C023B40C6D6}.Ad-Hoc|x86.ActiveCfg = Release|Any CPU
		{8F3A2D41-341F-4832-94B0-6C023B40C6D6}.Ad-Hoc|x86.Build.0 = Release|Any CPU
		{8F3A2D41-341F-4832-94B0-6C023B40C6D6}.Ad-Hoc|x86.Deploy.0 = Release|Any CPU
		{8F3A2D41-341F-4832-94B0-6C023B40C6D6}.AppStore|Any CPU.ActiveCfg = Release|Any CPU
		{8F3A2D41-341F-4832-94B0-6C023B40C6D6}.AppStore|Any CPU.Build.0 = Release|Any CPU
		{8F3A2D41-341F-4832-94B0-6C023B40C6D6}.AppStore|Any CPU.Deploy.0 = Release|Any CPU
		{8F3A2D41-341F-4832-94B0-6C023B40C6D6}.AppStore|ARM.ActiveCfg = Release|Any CPU
		{8F3A2D41-341F-4832-94B0-6C023B40C6D6}.AppStore|ARM.Build.0 = Release|Any CPU
		{8F3A2D41-341F-4832-94B0-6C023B40C6D6}.AppStore|ARM.Deploy.0 = Release|Any CPU
		{8F3A2D41-341F-4832-94B0-6C023B40C6D6}.AppStore|iPhone.ActiveCfg = Release|Any CPU
		{8F3A2D41-341F-4832-94B0-6C023B40C6D6}.AppStore|iPhone.Build.0 = Release|Any CPU
		{8F3A2D41-341F-4832-94B0-6C023B40C6D6}.AppStore|iPhone.Deploy.0 = Release|Any CPU
		{8F3A2D41-341F-4832-94B0-6C023B40C6D6}.AppStore|iPhoneSimulator.ActiveCfg = Release|Any CPU
		{8F3A2D41-341F-4832-94B0-6C023B40C6D6}.AppStore|iPhoneSimulator.Build.0 = Release|Any CPU
		{8F3A2D41-341F-4832-94B0-6C023B40C6D6}.AppStore|iPhoneSimulator.Deploy.0 = Release|Any CPU
		{8F3A2D41-341F-4832-94B0-6C023B40C6D6}.AppStore|x64.ActiveCfg = Release|Any CPU
		{8F3A2D41-341F-4832-94B0-6C023B40C6D6}.AppStore|x64.Build.0 = Release|Any CPU
		{8F3A2D41-341F-4832-94B0-6C023B40C6D6}.AppStore|x64.Deploy.0 = Release|Any CPU
		{8F3A2D41-341F-4832-94B0-6C023B40C6D6}.AppStore|x86.ActiveCfg = Release|Any CPU
		{8F3A2D41-341F-4832-94B0-6C023B40C6D6}.AppStore|x86.Build.0 = Release|Any CPU
		{8F3A2D41-341F-4832-94B0-6C023B40C6D6}.AppStore|x86.Deploy.0 = Release|Any CPU
		{8F3A2D41-341F-4832-94B0-6C023B40C6D6}.Debug|Any CPU.ActiveCfg = Debug|Any CPU
		{8F3A2D41-341F-4832-94B0-6C023B40C6D6}.Debug|Any CPU.Build.0 = Debug|Any CPU
		{8F3A2D41-341F-4832-94B0-6C023B40C6D6}.Debug|Any CPU.Deploy.0 = Debug|Any CPU
		{8F3A2D41-341F-4832-94B0-6C023B40C6D6}.Debug|ARM.ActiveCfg = Debug|Any CPU
		{8F3A2D41-341F-4832-94B0-6C023B40C6D6}.Debug|ARM.Build.0 = Debug|Any CPU
		{8F3A2D41-341F-4832-94B0-6C023B40C6D6}.Debug|ARM.Deploy.0 = Debug|Any CPU
		{8F3A2D41-341F-4832-94B0-6C023B40C6D6}.Debug|iPhone.ActiveCfg = Debug|Any CPU
		{8F3A2D41-341F-4832-94B0-6C023B40C6D6}.Debug|iPhone.Build.0 = Debug|Any CPU
		{8F3A2D41-341F-4832-94B0-6C023B40C6D6}.Debug|iPhone.Deploy.0 = Debug|Any CPU
		{8F3A2D41-341F-4832-94B0-6C023B40C6D6}.Debug|iPhoneSimulator.ActiveCfg = Debug|Any CPU
		{8F3A2D41-341F-4832-94B0-6C023B40C6D6}.Debug|iPhoneSimulator.Build.0 = Debug|Any CPU
		{8F3A2D41-341F-4832-94B0-6C023B40C6D6}.Debug|iPhoneSimulator.Deploy.0 = Debug|Any CPU
		{8F3A2D41-341F-4832-94B0-6C023B40C6D6}.Debug|x64.ActiveCfg = Debug|Any CPU
		{8F3A2D41-341F-4832-94B0-6C023B40C6D6}.Debug|x64.Build.0 = Debug|Any CPU
		{8F3A2D41-341F-4832-94B0-6C023B40C6D6}.Debug|x64.Deploy.0 = Debug|Any CPU
		{8F3A2D41-341F-4832-94B0-6C023B40C6D6}.Debug|x86.ActiveCfg = Debug|Any CPU
		{8F3A2D41-341F-4832-94B0-6C023B40C6D6}.Debug|x86.Build.0 = Debug|Any CPU
		{8F3A2D41-341F-4832-94B0-6C023B40C6D6}.Debug|x86.Deploy.0 = Debug|Any CPU
		{8F3A2D41-341F-4832-94B0-6C023B40C6D6}.Release|Any CPU.ActiveCfg = Release|Any CPU
		{8F3A2D41-341F-4832-94B0-6C023B40C6D6}.Release|Any CPU.Build.0 = Release|Any CPU
		{8F3A2D41-341F-4832-94B0-6C023B40C6D6}.Release|Any CPU.Deploy.0 = Release|Any CPU
		{8F3A2D41-341F-4832-94B0-6C023B40C6D6}.Release|ARM.ActiveCfg = Release|Any CPU
		{8F3A2D41-341F-4832-94B0-6C023B40C6D6}.Release|ARM.Build.0 = Release|Any CPU
		{8F3A2D41-341F-4832-94B0-6C023B40C6D6}.Release|ARM.Deploy.0 = Release|Any CPU
		{8F3A2D41-341F-4832-94B0-6C023B40C6D6}.Release|iPhone.ActiveCfg = Release|Any CPU
		{8F3A2D41-341F-4832-94B0-6C023B40C6D6}.Release|iPhone.Build.0 = Release|Any CPU
		{8F3A2D41-341F-4832-94B0-6C023B40C6D6}.Release|iPhone.Deploy.0 = Release|Any CPU
		{8F3A2D41-341F-4832-94B0-6C023B40C6D6}.Release|iPhoneSimulator.ActiveCfg = Release|Any CPU
		{8F3A2D41-341F-4832-94B0-6C023B40C6D6}.Release|iPhoneSimulator.Build.0 = Release|Any CPU
		{8F3A2D41-341F-4832-94B0-6C023B40C6D6}.Release|iPhoneSimulator.Deploy.0 = Release|Any CPU
		{8F3A2D41-341F-4832-94B0-6C023B40C6D6}.Release|x64.ActiveCfg = Release|Any CPU
		{8F3A2D41-341F-4832-94B0-6C023B40C6D6}.Release|x64.Build.0 = Release|Any CPU
		{8F3A2D41-341F-4832-94B0-6C023B40C6D6}.Release|x64.Deploy.0 = Release|Any CPU
		{8F3A2D41-341F-4832-94B0-6C023B40C6D6}.Release|x86.ActiveCfg = Release|Any CPU
		{8F3A2D41-341F-4832-94B0-6C023B40C6D6}.Release|x86.Build.0 = Release|Any CPU
		{8F3A2D41-341F-4832-94B0-6C023B40C6D6}.Release|x86.Deploy.0 = Release|Any CPU
		{97B0B84F-A87B-4EB8-AC3C-889D5DD6C4C2}.Ad-Hoc|Any CPU.ActiveCfg = Ad-Hoc|iPhone
		{97B0B84F-A87B-4EB8-AC3C-889D5DD6C4C2}.Ad-Hoc|Any CPU.Build.0 = Ad-Hoc|iPhone
		{97B0B84F-A87B-4EB8-AC3C-889D5DD6C4C2}.Ad-Hoc|Any CPU.Deploy.0 = Ad-Hoc|iPhone
		{97B0B84F-A87B-4EB8-AC3C-889D5DD6C4C2}.Ad-Hoc|ARM.ActiveCfg = Ad-Hoc|iPhone
		{97B0B84F-A87B-4EB8-AC3C-889D5DD6C4C2}.Ad-Hoc|ARM.Build.0 = Ad-Hoc|iPhone
		{97B0B84F-A87B-4EB8-AC3C-889D5DD6C4C2}.Ad-Hoc|ARM.Deploy.0 = Ad-Hoc|iPhone
		{97B0B84F-A87B-4EB8-AC3C-889D5DD6C4C2}.Ad-Hoc|iPhone.ActiveCfg = Ad-Hoc|iPhone
		{97B0B84F-A87B-4EB8-AC3C-889D5DD6C4C2}.Ad-Hoc|iPhone.Build.0 = Ad-Hoc|iPhone
		{97B0B84F-A87B-4EB8-AC3C-889D5DD6C4C2}.Ad-Hoc|iPhone.Deploy.0 = Ad-Hoc|iPhone
		{97B0B84F-A87B-4EB8-AC3C-889D5DD6C4C2}.Ad-Hoc|iPhoneSimulator.ActiveCfg = Ad-Hoc|iPhoneSimulator
		{97B0B84F-A87B-4EB8-AC3C-889D5DD6C4C2}.Ad-Hoc|iPhoneSimulator.Build.0 = Ad-Hoc|iPhoneSimulator
		{97B0B84F-A87B-4EB8-AC3C-889D5DD6C4C2}.Ad-Hoc|iPhoneSimulator.Deploy.0 = Ad-Hoc|iPhoneSimulator
		{97B0B84F-A87B-4EB8-AC3C-889D5DD6C4C2}.Ad-Hoc|x64.ActiveCfg = Ad-Hoc|iPhone
		{97B0B84F-A87B-4EB8-AC3C-889D5DD6C4C2}.Ad-Hoc|x64.Build.0 = Ad-Hoc|iPhone
		{97B0B84F-A87B-4EB8-AC3C-889D5DD6C4C2}.Ad-Hoc|x64.Deploy.0 = Ad-Hoc|iPhone
		{97B0B84F-A87B-4EB8-AC3C-889D5DD6C4C2}.Ad-Hoc|x86.ActiveCfg = Ad-Hoc|iPhone
		{97B0B84F-A87B-4EB8-AC3C-889D5DD6C4C2}.Ad-Hoc|x86.Build.0 = Ad-Hoc|iPhone
		{97B0B84F-A87B-4EB8-AC3C-889D5DD6C4C2}.Ad-Hoc|x86.Deploy.0 = Ad-Hoc|iPhone
		{97B0B84F-A87B-4EB8-AC3C-889D5DD6C4C2}.AppStore|Any CPU.ActiveCfg = AppStore|iPhone
		{97B0B84F-A87B-4EB8-AC3C-889D5DD6C4C2}.AppStore|Any CPU.Build.0 = AppStore|iPhone
		{97B0B84F-A87B-4EB8-AC3C-889D5DD6C4C2}.AppStore|Any CPU.Deploy.0 = AppStore|iPhone
		{97B0B84F-A87B-4EB8-AC3C-889D5DD6C4C2}.AppStore|ARM.ActiveCfg = AppStore|iPhone
		{97B0B84F-A87B-4EB8-AC3C-889D5DD6C4C2}.AppStore|ARM.Build.0 = AppStore|iPhone
		{97B0B84F-A87B-4EB8-AC3C-889D5DD6C4C2}.AppStore|ARM.Deploy.0 = AppStore|iPhone
		{97B0B84F-A87B-4EB8-AC3C-889D5DD6C4C2}.AppStore|iPhone.ActiveCfg = AppStore|iPhone
		{97B0B84F-A87B-4EB8-AC3C-889D5DD6C4C2}.AppStore|iPhone.Build.0 = AppStore|iPhone
		{97B0B84F-A87B-4EB8-AC3C-889D5DD6C4C2}.AppStore|iPhone.Deploy.0 = AppStore|iPhone
		{97B0B84F-A87B-4EB8-AC3C-889D5DD6C4C2}.AppStore|iPhoneSimulator.ActiveCfg = AppStore|iPhoneSimulator
		{97B0B84F-A87B-4EB8-AC3C-889D5DD6C4C2}.AppStore|iPhoneSimulator.Build.0 = AppStore|iPhoneSimulator
		{97B0B84F-A87B-4EB8-AC3C-889D5DD6C4C2}.AppStore|iPhoneSimulator.Deploy.0 = AppStore|iPhoneSimulator
		{97B0B84F-A87B-4EB8-AC3C-889D5DD6C4C2}.AppStore|x64.ActiveCfg = AppStore|iPhone
		{97B0B84F-A87B-4EB8-AC3C-889D5DD6C4C2}.AppStore|x64.Build.0 = AppStore|iPhone
		{97B0B84F-A87B-4EB8-AC3C-889D5DD6C4C2}.AppStore|x64.Deploy.0 = AppStore|iPhone
		{97B0B84F-A87B-4EB8-AC3C-889D5DD6C4C2}.AppStore|x86.ActiveCfg = AppStore|iPhone
		{97B0B84F-A87B-4EB8-AC3C-889D5DD6C4C2}.AppStore|x86.Build.0 = AppStore|iPhone
		{97B0B84F-A87B-4EB8-AC3C-889D5DD6C4C2}.AppStore|x86.Deploy.0 = AppStore|iPhone
		{97B0B84F-A87B-4EB8-AC3C-889D5DD6C4C2}.Debug|Any CPU.ActiveCfg = Debug|iPhoneSimulator
		{97B0B84F-A87B-4EB8-AC3C-889D5DD6C4C2}.Debug|Any CPU.Build.0 = Debug|iPhoneSimulator
		{97B0B84F-A87B-4EB8-AC3C-889D5DD6C4C2}.Debug|Any CPU.Deploy.0 = Debug|iPhoneSimulator
		{97B0B84F-A87B-4EB8-AC3C-889D5DD6C4C2}.Debug|ARM.ActiveCfg = Debug|iPhone
		{97B0B84F-A87B-4EB8-AC3C-889D5DD6C4C2}.Debug|ARM.Build.0 = Debug|iPhone
		{97B0B84F-A87B-4EB8-AC3C-889D5DD6C4C2}.Debug|ARM.Deploy.0 = Debug|iPhone
		{97B0B84F-A87B-4EB8-AC3C-889D5DD6C4C2}.Debug|iPhone.ActiveCfg = Debug|iPhone
		{97B0B84F-A87B-4EB8-AC3C-889D5DD6C4C2}.Debug|iPhone.Build.0 = Debug|iPhone
		{97B0B84F-A87B-4EB8-AC3C-889D5DD6C4C2}.Debug|iPhone.Deploy.0 = Debug|iPhone
		{97B0B84F-A87B-4EB8-AC3C-889D5DD6C4C2}.Debug|iPhoneSimulator.ActiveCfg = Debug|iPhoneSimulator
		{97B0B84F-A87B-4EB8-AC3C-889D5DD6C4C2}.Debug|iPhoneSimulator.Build.0 = Debug|iPhoneSimulator
		{97B0B84F-A87B-4EB8-AC3C-889D5DD6C4C2}.Debug|iPhoneSimulator.Deploy.0 = Debug|iPhoneSimulator
		{97B0B84F-A87B-4EB8-AC3C-889D5DD6C4C2}.Debug|x64.ActiveCfg = Debug|iPhone
		{97B0B84F-A87B-4EB8-AC3C-889D5DD6C4C2}.Debug|x64.Build.0 = Debug|iPhone
		{97B0B84F-A87B-4EB8-AC3C-889D5DD6C4C2}.Debug|x64.Deploy.0 = Debug|iPhone
		{97B0B84F-A87B-4EB8-AC3C-889D5DD6C4C2}.Debug|x86.ActiveCfg = Debug|iPhone
		{97B0B84F-A87B-4EB8-AC3C-889D5DD6C4C2}.Debug|x86.Build.0 = Debug|iPhone
		{97B0B84F-A87B-4EB8-AC3C-889D5DD6C4C2}.Debug|x86.Deploy.0 = Debug|iPhone
		{97B0B84F-A87B-4EB8-AC3C-889D5DD6C4C2}.Release|Any CPU.ActiveCfg = Release|iPhone
		{97B0B84F-A87B-4EB8-AC3C-889D5DD6C4C2}.Release|Any CPU.Build.0 = Release|iPhone
		{97B0B84F-A87B-4EB8-AC3C-889D5DD6C4C2}.Release|Any CPU.Deploy.0 = Release|iPhone
		{97B0B84F-A87B-4EB8-AC3C-889D5DD6C4C2}.Release|ARM.ActiveCfg = Release|iPhone
		{97B0B84F-A87B-4EB8-AC3C-889D5DD6C4C2}.Release|ARM.Build.0 = Release|iPhone
		{97B0B84F-A87B-4EB8-AC3C-889D5DD6C4C2}.Release|ARM.Deploy.0 = Release|iPhone
		{97B0B84F-A87B-4EB8-AC3C-889D5DD6C4C2}.Release|iPhone.ActiveCfg = Release|iPhone
		{97B0B84F-A87B-4EB8-AC3C-889D5DD6C4C2}.Release|iPhone.Build.0 = Release|iPhone
		{97B0B84F-A87B-4EB8-AC3C-889D5DD6C4C2}.Release|iPhone.Deploy.0 = Release|iPhone
		{97B0B84F-A87B-4EB8-AC3C-889D5DD6C4C2}.Release|iPhoneSimulator.ActiveCfg = Release|iPhoneSimulator
		{97B0B84F-A87B-4EB8-AC3C-889D5DD6C4C2}.Release|iPhoneSimulator.Build.0 = Release|iPhoneSimulator
		{97B0B84F-A87B-4EB8-AC3C-889D5DD6C4C2}.Release|iPhoneSimulator.Deploy.0 = Release|iPhoneSimulator
		{97B0B84F-A87B-4EB8-AC3C-889D5DD6C4C2}.Release|x64.ActiveCfg = Release|iPhone
		{97B0B84F-A87B-4EB8-AC3C-889D5DD6C4C2}.Release|x64.Build.0 = Release|iPhone
		{97B0B84F-A87B-4EB8-AC3C-889D5DD6C4C2}.Release|x64.Deploy.0 = Release|iPhone
		{97B0B84F-A87B-4EB8-AC3C-889D5DD6C4C2}.Release|x86.ActiveCfg = Release|iPhone
		{97B0B84F-A87B-4EB8-AC3C-889D5DD6C4C2}.Release|x86.Build.0 = Release|iPhone
		{97B0B84F-A87B-4EB8-AC3C-889D5DD6C4C2}.Release|x86.Deploy.0 = Release|iPhone
		{D419D4FE-419B-4324-9938-B880B0034AFC}.Ad-Hoc|Any CPU.ActiveCfg = Release|x86
		{D419D4FE-419B-4324-9938-B880B0034AFC}.Ad-Hoc|Any CPU.Build.0 = Release|x86
		{D419D4FE-419B-4324-9938-B880B0034AFC}.Ad-Hoc|Any CPU.Deploy.0 = Release|x86
		{D419D4FE-419B-4324-9938-B880B0034AFC}.Ad-Hoc|ARM.ActiveCfg = Release|ARM
		{D419D4FE-419B-4324-9938-B880B0034AFC}.Ad-Hoc|ARM.Build.0 = Release|ARM
		{D419D4FE-419B-4324-9938-B880B0034AFC}.Ad-Hoc|ARM.Deploy.0 = Release|ARM
		{D419D4FE-419B-4324-9938-B880B0034AFC}.Ad-Hoc|iPhone.ActiveCfg = Release|x86
		{D419D4FE-419B-4324-9938-B880B0034AFC}.Ad-Hoc|iPhone.Build.0 = Release|x86
		{D419D4FE-419B-4324-9938-B880B0034AFC}.Ad-Hoc|iPhone.Deploy.0 = Release|x86
		{D419D4FE-419B-4324-9938-B880B0034AFC}.Ad-Hoc|iPhoneSimulator.ActiveCfg = Release|x86
		{D419D4FE-419B-4324-9938-B880B0034AFC}.Ad-Hoc|iPhoneSimulator.Build.0 = Release|x86
		{D419D4FE-419B-4324-9938-B880B0034AFC}.Ad-Hoc|iPhoneSimulator.Deploy.0 = Release|x86
		{D419D4FE-419B-4324-9938-B880B0034AFC}.Ad-Hoc|x64.ActiveCfg = Release|x64
		{D419D4FE-419B-4324-9938-B880B0034AFC}.Ad-Hoc|x64.Build.0 = Release|x64
		{D419D4FE-419B-4324-9938-B880B0034AFC}.Ad-Hoc|x64.Deploy.0 = Release|x64
		{D419D4FE-419B-4324-9938-B880B0034AFC}.Ad-Hoc|x86.ActiveCfg = Release|x86
		{D419D4FE-419B-4324-9938-B880B0034AFC}.Ad-Hoc|x86.Build.0 = Release|x86
		{D419D4FE-419B-4324-9938-B880B0034AFC}.Ad-Hoc|x86.Deploy.0 = Release|x86
		{D419D4FE-419B-4324-9938-B880B0034AFC}.AppStore|Any CPU.ActiveCfg = Release|x86
		{D419D4FE-419B-4324-9938-B880B0034AFC}.AppStore|Any CPU.Build.0 = Release|x86
		{D419D4FE-419B-4324-9938-B880B0034AFC}.AppStore|Any CPU.Deploy.0 = Release|x86
		{D419D4FE-419B-4324-9938-B880B0034AFC}.AppStore|ARM.ActiveCfg = Release|ARM
		{D419D4FE-419B-4324-9938-B880B0034AFC}.AppStore|ARM.Build.0 = Release|ARM
		{D419D4FE-419B-4324-9938-B880B0034AFC}.AppStore|ARM.Deploy.0 = Release|ARM
		{D419D4FE-419B-4324-9938-B880B0034AFC}.AppStore|iPhone.ActiveCfg = Release|x86
		{D419D4FE-419B-4324-9938-B880B0034AFC}.AppStore|iPhone.Build.0 = Release|x86
		{D419D4FE-419B-4324-9938-B880B0034AFC}.AppStore|iPhone.Deploy.0 = Release|x86
		{D419D4FE-419B-4324-9938-B880B0034AFC}.AppStore|iPhoneSimulator.ActiveCfg = Release|x86
		{D419D4FE-419B-4324-9938-B880B0034AFC}.AppStore|iPhoneSimulator.Build.0 = Release|x86
		{D419D4FE-419B-4324-9938-B880B0034AFC}.AppStore|iPhoneSimulator.Deploy.0 = Release|x86
		{D419D4FE-419B-4324-9938-B880B0034AFC}.AppStore|x64.ActiveCfg = Release|x64
		{D419D4FE-419B-4324-9938-B880B0034AFC}.AppStore|x64.Build.0 = Release|x64
		{D419D4FE-419B-4324-9938-B880B0034AFC}.AppStore|x64.Deploy.0 = Release|x64
		{D419D4FE-419B-4324-9938-B880B0034AFC}.AppStore|x86.ActiveCfg = Release|x86
		{D419D4FE-419B-4324-9938-B880B0034AFC}.AppStore|x86.Build.0 = Release|x86
		{D419D4FE-419B-4324-9938-B880B0034AFC}.AppStore|x86.Deploy.0 = Release|x86
		{D419D4FE-419B-4324-9938-B880B0034AFC}.Debug|Any CPU.ActiveCfg = Debug|x86
		{D419D4FE-419B-4324-9938-B880B0034AFC}.Debug|Any CPU.Build.0 = Debug|x86
		{D419D4FE-419B-4324-9938-B880B0034AFC}.Debug|Any CPU.Deploy.0 = Debug|x86
		{D419D4FE-419B-4324-9938-B880B0034AFC}.Debug|ARM.ActiveCfg = Debug|ARM
		{D419D4FE-419B-4324-9938-B880B0034AFC}.Debug|ARM.Build.0 = Debug|ARM
		{D419D4FE-419B-4324-9938-B880B0034AFC}.Debug|ARM.Deploy.0 = Debug|ARM
		{D419D4FE-419B-4324-9938-B880B0034AFC}.Debug|iPhone.ActiveCfg = Debug|x86
		{D419D4FE-419B-4324-9938-B880B0034AFC}.Debug|iPhone.Build.0 = Debug|x86
		{D419D4FE-419B-4324-9938-B880B0034AFC}.Debug|iPhone.Deploy.0 = Debug|x86
		{D419D4FE-419B-4324-9938-B880B0034AFC}.Debug|iPhoneSimulator.ActiveCfg = Debug|x86
		{D419D4FE-419B-4324-9938-B880B0034AFC}.Debug|iPhoneSimulator.Build.0 = Debug|x86
		{D419D4FE-419B-4324-9938-B880B0034AFC}.Debug|iPhoneSimulator.Deploy.0 = Debug|x86
		{D419D4FE-419B-4324-9938-B880B0034AFC}.Debug|x64.ActiveCfg = Debug|x64
		{D419D4FE-419B-4324-9938-B880B0034AFC}.Debug|x64.Build.0 = Debug|x64
		{D419D4FE-419B-4324-9938-B880B0034AFC}.Debug|x64.Deploy.0 = Debug|x64
		{D419D4FE-419B-4324-9938-B880B0034AFC}.Debug|x86.ActiveCfg = Debug|x86
		{D419D4FE-419B-4324-9938-B880B0034AFC}.Debug|x86.Build.0 = Debug|x86
		{D419D4FE-419B-4324-9938-B880B0034AFC}.Debug|x86.Deploy.0 = Debug|x86
		{D419D4FE-419B-4324-9938-B880B0034AFC}.Release|Any CPU.ActiveCfg = Release|x86
		{D419D4FE-419B-4324-9938-B880B0034AFC}.Release|Any CPU.Build.0 = Release|x86
		{D419D4FE-419B-4324-9938-B880B0034AFC}.Release|Any CPU.Deploy.0 = Release|x86
		{D419D4FE-419B-4324-9938-B880B0034AFC}.Release|ARM.ActiveCfg = Release|ARM
		{D419D4FE-419B-4324-9938-B880B0034AFC}.Release|ARM.Build.0 = Release|ARM
		{D419D4FE-419B-4324-9938-B880B0034AFC}.Release|ARM.Deploy.0 = Release|ARM
		{D419D4FE-419B-4324-9938-B880B0034AFC}.Release|iPhone.ActiveCfg = Release|x86
		{D419D4FE-419B-4324-9938-B880B0034AFC}.Release|iPhone.Build.0 = Release|x86
		{D419D4FE-419B-4324-9938-B880B0034AFC}.Release|iPhone.Deploy.0 = Release|x86
		{D419D4FE-419B-4324-9938-B880B0034AFC}.Release|iPhoneSimulator.ActiveCfg = Release|x86
		{D419D4FE-419B-4324-9938-B880B0034AFC}.Release|iPhoneSimulator.Build.0 = Release|x86
		{D419D4FE-419B-4324-9938-B880B0034AFC}.Release|iPhoneSimulator.Deploy.0 = Release|x86
		{D419D4FE-419B-4324-9938-B880B0034AFC}.Release|x64.ActiveCfg = Release|x64
		{D419D4FE-419B-4324-9938-B880B0034AFC}.Release|x64.Build.0 = Release|x64
		{D419D4FE-419B-4324-9938-B880B0034AFC}.Release|x64.Deploy.0 = Release|x64
		{D419D4FE-419B-4324-9938-B880B0034AFC}.Release|x86.ActiveCfg = Release|x86
		{D419D4FE-419B-4324-9938-B880B0034AFC}.Release|x86.Build.0 = Release|x86
		{D419D4FE-419B-4324-9938-B880B0034AFC}.Release|x86.Deploy.0 = Release|x86
	EndGlobalSection
	GlobalSection(SolutionProperties) = preSolution
		HideSolutionNode = FALSE
	EndGlobalSection
	GlobalSection(ExtensibilityGlobals) = postSolution
		SolutionGuid = {C63E2DA4-CD4D-4EC3-8CC4-8D545CB25874}
	EndGlobalSection
EndGlobal
